
Microsoft Visual Studio Solution File, Format Version 12.00
# Visual Studio Version 17
VisualStudioVersion = 17.0.32014.148
MinimumVisualStudioVersion = 10.0.40219.1
Project("{FAE04EC0-301F-11D3-BF4B-00C04F79EFBC}") = "StickyPistonBot", "StickyPistonBot\StickyPistonBot.csproj", "{B191CFF7-0BC8-4F30-A642-B7775661962F}"
EndProject
Global
	GlobalSection(SolutionConfigurationPlatforms) = preSolution
		Debug|Any CPU = Debug|Any CPU
		Release|Any CPU = Release|Any CPU
	EndGlobalSection
	GlobalSection(ProjectConfigurationPlatforms) = postSolution
		{B191CFF7-0BC8-4F30-A642-B7775661962F}.Debug|Any CPU.ActiveCfg = Debug|Any CPU
		{B191CFF7-0BC8-4F30-A642-B7775661962F}.Debug|Any CPU.Build.0 = Debug|Any CPU
		{B191CFF7-0BC8-4F30-A642-B7775661962F}.Release|Any CPU.ActiveCfg = Release|Any CPU
		{B191CFF7-0BC8-4F30-A642-B7775661962F}.Release|Any CPU.Build.0 = Release|Any CPU
	EndGlobalSection
	GlobalSection(SolutionProperties) = preSolution
		HideSolutionNode = FALSE
	EndGlobalSection
	GlobalSection(ExtensibilityGlobals) = postSolution
		SolutionGuid = {EBABC312-8AE7-45F3-9F31-8172FE8FAD98}
	EndGlobalSection
EndGlobal
